github.com/pmarschik/adfast v0.6.2 h1:oJrz+oYs8bbvLAS5ob/NV+NycrdUG/CRJ6ARb7sifKM=
github.com/pmarschik/adfast v0.6.2/go.mod h1:N4urABbH1vAifkT/C+ENKv+Q28powmb9ZEOJOeNlTI8=
github.com/pmarschik/goldmark-directive v0.3.1 h1:JaWReM1oWTGhpCDT8lTPsB4a7MPKGsum/Zn7WjgQeDk=
github.com/pmarschik/goldmark-directive v0.3.1/go.mod h1:LO0rwcECJKKw8WgmK+z6WEwhxQrCbGEGvamcQLAZOvw=
github.com/yuin/goldmark v1.8.5 h1:r6N5afV5qj/5S4UTch8agZHJ8UxNCMwX7WjkkJam2NA=
github.com/yuin/goldmark v1.8.5/go.mod h1:ip/1k0VRfGynBgxOz0yCqHrbZXhcjxyuS66Brc7iBKg=
