github.com/pmarschik/adfast v0.1.0 h1:gptAIwTNFk4+YrBBV/cTguWqGS4W0WtmxI4RCKaVsnU=
github.com/pmarschik/adfast v0.1.0/go.mod h1:mY7ssb2cCa7TMUV+iZJkY5IBU+w3hPc0PzBeAgn2d/0=
github.com/pmarschik/goldmark-directive v0.1.0 h1:5VmuFABEICTfME3B3RfMbf/nuCtvY67b+3TVXAxTLnQ=
github.com/pmarschik/goldmark-directive v0.1.0/go.mod h1:LO0rwcECJKKw8WgmK+z6WEwhxQrCbGEGvamcQLAZOvw=
github.com/yuin/goldmark v1.8.2 h1:kEGpgqJXdgbkhcOgBxkC0X0PmoPG1ZyoZ117rDVp4zE=
github.com/yuin/goldmark v1.8.2/go.mod h1:ip/1k0VRfGynBgxOz0yCqHrbZXhcjxyuS66Brc7iBKg=
