github.com/pmarschik/adfast v0.5.0 h1:FjmbHOkTio2cuQq9knILLSIZsAB5YaetQ02lYI1zCsw=
github.com/pmarschik/adfast v0.5.0/go.mod h1:wRcmyLCzETGY55HmdlWK/vh95kpgT1sImkbpW3uCr4c=
github.com/pmarschik/goldmark-directive v0.3.1 h1:JaWReM1oWTGhpCDT8lTPsB4a7MPKGsum/Zn7WjgQeDk=
github.com/pmarschik/goldmark-directive v0.3.1/go.mod h1:LO0rwcECJKKw8WgmK+z6WEwhxQrCbGEGvamcQLAZOvw=
github.com/yuin/goldmark v1.8.2 h1:kEGpgqJXdgbkhcOgBxkC0X0PmoPG1ZyoZ117rDVp4zE=
github.com/yuin/goldmark v1.8.2/go.mod h1:ip/1k0VRfGynBgxOz0yCqHrbZXhcjxyuS66Brc7iBKg=
